
Microsoft Visual Studio Solution File, Format Version 11.00
# Visual Studio 2010
Project("{FAE04EC0-301F-11D3-BF4B-00C04F79EFBC}") = "Oldurucu", "Oldurucu\Oldurucu.csproj", "{AADDB994-BBF8-40D7-AF62-78C763C8F47E}"
EndProject
Global
	GlobalSection(SolutionConfigurationPlatforms) = preSolution
		Debug|Any CPU = Debug|Any CPU
		Release|Any CPU = Release|Any CPU
	EndGlobalSection
	GlobalSection(ProjectConfigurationPlatforms) = postSolution
		{AADDB994-BBF8-40D7-AF62-78C763C8F47E}.Debug|Any CPU.ActiveCfg = Debug|Any CPU
		{AADDB994-BBF8-40D7-AF62-78C763C8F47E}.Debug|Any CPU.Build.0 = Debug|Any CPU
		{AADDB994-BBF8-40D7-AF62-78C763C8F47E}.Release|Any CPU.ActiveCfg = Release|Any CPU
		{AADDB994-BBF8-40D7-AF62-78C763C8F47E}.Release|Any CPU.Build.0 = Release|Any CPU
	EndGlobalSection
	GlobalSection(SolutionProperties) = preSolution
		HideSolutionNode = FALSE
	EndGlobalSection
EndGlobal
